
Microsoft Visual Studio Solution File, Format Version 12.00
# Visual Studio Version 16
VisualStudioVersion = 16.0.31515.178
MinimumVisualStudioVersion = 10.0.40219.1
Project("{FAE04EC0-301F-11D3-BF4B-00C04F79EFBC}") = "MyBasketballStats", "MyBasketballStats\MyBasketballStats.csproj", "{4D254EBC-80E1-4258-A606-062426E8A558}"
EndProject
Global
	GlobalSection(SolutionConfigurationPlatforms) = preSolution
		Debug|Any CPU = Debug|Any CPU
		Release|Any CPU = Release|Any CPU
	EndGlobalSection
	GlobalSection(ProjectConfigurationPlatforms) = postSolution
		{4D254EBC-80E1-4258-A606-062426E8A558}.Debug|Any CPU.ActiveCfg = Debug|Any CPU
		{4D254EBC-80E1-4258-A606-062426E8A558}.Debug|Any CPU.Build.0 = Debug|Any CPU
		{4D254EBC-80E1-4258-A606-062426E8A558}.Release|Any CPU.ActiveCfg = Release|Any CPU
		{4D254EBC-80E1-4258-A606-062426E8A558}.Release|Any CPU.Build.0 = Release|Any CPU
	EndGlobalSection
	GlobalSection(SolutionProperties) = preSolution
		HideSolutionNode = FALSE
	EndGlobalSection
	GlobalSection(ExtensibilityGlobals) = postSolution
		SolutionGuid = {0EDAD209-B796-45B5-BCE9-1F6B73D02870}
	EndGlobalSection
EndGlobal
